// !$*UTF8*$!
{
	archiveVersion = 1;
	classes = {
	};
	objectVersion = 46;
	objects = {

/* Begin PBXBuildFile section */
		AC13D38C14476F0E004BAB74 /* UIKit.framework in Frameworks */ = {isa = PBXBuildFile; fileRef = AC13D38B14476F0E004BAB74 /* UIKit.framework */; };
		AC13D38E14476F0E004BAB74 /* Foundation.framework in Frameworks */ = {isa = PBXBuildFile; fileRef = AC13D38D14476F0E004BAB74 /* Foundation.framework */; };
		AC13D39014476F0E004BAB74 /* CoreGraphics.framework in Frameworks */ = {isa = PBXBuildFile; fileRef = AC13D38F14476F0E004BAB74 /* CoreGraphics.framework */; };
		AC13D3AC14476F0E004BAB74 /* UIKit.framework in Frameworks */ = {isa = PBXBuildFile; fileRef = AC13D38B14476F0E004BAB74 /* UIKit.framework */; };
		AC13D3AD14476F0E004BAB74 /* Foundation.framework in Frameworks */ = {isa = PBXBuildFile; fileRef = AC13D38D14476F0E004BAB74 /* Foundation.framework */; };
		AC13D3AE14476F0E004BAB74 /* CoreGraphics.framework in Frameworks */ = {isa = PBXBuildFile; fileRef = AC13D38F14476F0E004BAB74 /* CoreGraphics.framework */; };
		AC17480D1562EF5500A56648 /* CoreData.framework in Frameworks */ = {isa = PBXBuildFile; fileRef = AC17480C1562EF5500A56648 /* CoreData.framework */; };
		AC23542E15502B62005AC17D /* README.md in Resources */ = {isa = PBXBuildFile; fileRef = AC23542D15502B62005AC17D /* README.md */; };
		AC672F23144889DE00BA34CA /* main.m in Sources */ = {isa = PBXBuildFile; fileRef = AC672F21144889D500BA34CA /* main.m */; };
		AC672F26144889ED00BA34CA /* InfoPlist.strings in Resources */ = {isa = PBXBuildFile; fileRef = AC672F24144889EC00BA34CA /* InfoPlist.strings */; };
		AC672F30144889FF00BA34CA /* ActiveModelAppDelegate.m in Sources */ = {isa = PBXBuildFile; fileRef = AC672F2A144889FE00BA34CA /* ActiveModelAppDelegate.m */; };
		AC672F32144889FF00BA34CA /* RootViewController.m in Sources */ = {isa = PBXBuildFile; fileRef = AC672F2E144889FE00BA34CA /* RootViewController.m */; };
		AC672F3814488A2300BA34CA /* MainWindow.xib in Resources */ = {isa = PBXBuildFile; fileRef = AC672F3414488A2300BA34CA /* MainWindow.xib */; };
		AC672F3914488A2300BA34CA /* RootViewController.xib in Resources */ = {isa = PBXBuildFile; fileRef = AC672F3614488A2300BA34CA /* RootViewController.xib */; };
		AC672F3E14488A7400BA34CA /* InfoPlist.strings in Resources */ = {isa = PBXBuildFile; fileRef = AC672F3C14488A7400BA34CA /* InfoPlist.strings */; };
		AC7F9D8D15814D570074F422 /* NSObject+Blank.m in Sources */ = {isa = PBXBuildFile; fileRef = AC7F9D6315814D570074F422 /* NSObject+Blank.m */; };
		AC7F9D8E15814D570074F422 /* OMActiveModel.m in Sources */ = {isa = PBXBuildFile; fileRef = AC7F9D6515814D570074F422 /* OMActiveModel.m */; };
		AC7F9D8F15814D570074F422 /* OMAcceptanceValidator.m in Sources */ = {isa = PBXBuildFile; fileRef = AC7F9D6915814D570074F422 /* OMAcceptanceValidator.m */; };
		AC7F9D9015814D570074F422 /* OMActiveModel+AcceptanceValidation.m in Sources */ = {isa = PBXBuildFile; fileRef = AC7F9D6B15814D570074F422 /* OMActiveModel+AcceptanceValidation.m */; };
		AC7F9D9115814D570074F422 /* OMActiveModel+ConfirmationValidation.m in Sources */ = {isa = PBXBuildFile; fileRef = AC7F9D6E15814D570074F422 /* OMActiveModel+ConfirmationValidation.m */; };
		AC7F9D9215814D570074F422 /* OMConfirmationValidator.m in Sources */ = {isa = PBXBuildFile; fileRef = AC7F9D7015814D570074F422 /* OMConfirmationValidator.m */; };
		AC7F9D9315814D570074F422 /* OMActiveModel+FormatValidation.m in Sources */ = {isa = PBXBuildFile; fileRef = AC7F9D7315814D570074F422 /* OMActiveModel+FormatValidation.m */; };
		AC7F9D9415814D570074F422 /* OMFormatValidator.m in Sources */ = {isa = PBXBuildFile; fileRef = AC7F9D7515814D570074F422 /* OMFormatValidator.m */; };
		AC7F9D9515814D570074F422 /* OMActiveModel+LengthValidation.m in Sources */ = {isa = PBXBuildFile; fileRef = AC7F9D7815814D570074F422 /* OMActiveModel+LengthValidation.m */; };
		AC7F9D9615814D570074F422 /* OMLengthValidator.m in Sources */ = {isa = PBXBuildFile; fileRef = AC7F9D7A15814D570074F422 /* OMLengthValidator.m */; };
		AC7F9D9715814D570074F422 /* NSError+ValidationErrors.m in Sources */ = {isa = PBXBuildFile; fileRef = AC7F9D7C15814D570074F422 /* NSError+ValidationErrors.m */; };
		AC7F9D9815814D570074F422 /* NSNumber+ComparisonMethods.m in Sources */ = {isa = PBXBuildFile; fileRef = AC7F9D7F15814D570074F422 /* NSNumber+ComparisonMethods.m */; };
		AC7F9D9915814D570074F422 /* OMActiveModel+OMNumericalityValidator.m in Sources */ = {isa = PBXBuildFile; fileRef = AC7F9D8115814D570074F422 /* OMActiveModel+OMNumericalityValidator.m */; };
		AC7F9D9A15814D570074F422 /* OMNumericalityValidator.m in Sources */ = {isa = PBXBuildFile; fileRef = AC7F9D8315814D570074F422 /* OMNumericalityValidator.m */; };
		AC7F9D9B15814D570074F422 /* OMActiveModel+OMValidator.m in Sources */ = {isa = PBXBuildFile; fileRef = AC7F9D8515814D570074F422 /* OMActiveModel+OMValidator.m */; };
		AC7F9D9C15814D570074F422 /* OMValidator.m in Sources */ = {isa = PBXBuildFile; fileRef = AC7F9D8715814D570074F422 /* OMValidator.m */; };
		AC7F9D9D15814D570074F422 /* OMActiveModel+OMPresenceValidator.m in Sources */ = {isa = PBXBuildFile; fileRef = AC7F9D8A15814D570074F422 /* OMActiveModel+OMPresenceValidator.m */; };
		AC7F9D9E15814D570074F422 /* OMPresenceValidator.m in Sources */ = {isa = PBXBuildFile; fileRef = AC7F9D8C15814D570074F422 /* OMPresenceValidator.m */; };
		AC7F9DB715814D740074F422 /* BlankTest.m in Sources */ = {isa = PBXBuildFile; fileRef = AC7F9DA015814D740074F422 /* BlankTest.m */; };
		AC7F9DB815814D740074F422 /* Person.m in Sources */ = {isa = PBXBuildFile; fileRef = AC7F9DA315814D740074F422 /* Person.m */; };
		AC7F9DB915814D740074F422 /* Topic.m in Sources */ = {isa = PBXBuildFile; fileRef = AC7F9DA515814D740074F422 /* Topic.m */; };
		AC7F9DBA15814D740074F422 /* OMAcceptanceValidatorTest.m in Sources */ = {isa = PBXBuildFile; fileRef = AC7F9DA815814D740074F422 /* OMAcceptanceValidatorTest.m */; };
		AC7F9DBB15814D740074F422 /* OMConfirmationValidatorTest.m in Sources */ = {isa = PBXBuildFile; fileRef = AC7F9DAA15814D740074F422 /* OMConfirmationValidatorTest.m */; };
		AC7F9DBC15814D740074F422 /* OMFormatValidatorTest.m in Sources */ = {isa = PBXBuildFile; fileRef = AC7F9DAC15814D740074F422 /* OMFormatValidatorTest.m */; };
		AC7F9DBD15814D740074F422 /* OMLengthValidatorTest.m in Sources */ = {isa = PBXBuildFile; fileRef = AC7F9DAE15814D740074F422 /* OMLengthValidatorTest.m */; };
		AC7F9DBE15814D740074F422 /* OMNumericalityValidatorTest.m in Sources */ = {isa = PBXBuildFile; fileRef = AC7F9DB015814D740074F422 /* OMNumericalityValidatorTest.m */; };
		AC7F9DBF15814D740074F422 /* OMPresenceValidatorTest.m in Sources */ = {isa = PBXBuildFile; fileRef = AC7F9DB215814D740074F422 /* OMPresenceValidatorTest.m */; };
		AC7F9DC015814D740074F422 /* OMValidatorTest.m in Sources */ = {isa = PBXBuildFile; fileRef = AC7F9DB415814D740074F422 /* OMValidatorTest.m */; };
		AC7F9DC115814D740074F422 /* OMValidatorTestCase.m in Sources */ = {isa = PBXBuildFile; fileRef = AC7F9DB615814D740074F422 /* OMValidatorTestCase.m */; };
		ACAA50B215631E1000111FBD /* CoreData.framework in Frameworks */ = {isa = PBXBuildFile; fileRef = AC17480C1562EF5500A56648 /* CoreData.framework */; };
/* End PBXBuildFile section */

/* Begin PBXContainerItemProxy section */
		AC13D3AF14476F0E004BAB74 /* PBXContainerItemProxy */ = {
			isa = PBXContainerItemProxy;
			containerPortal = AC13D37E14476F0E004BAB74 /* Project object */;
			proxyType = 1;
			remoteGlobalIDString = AC13D38614476F0E004BAB74;
			remoteInfo = ActiveResource;
		};
/* End PBXContainerItemProxy section */

/* Begin PBXFileReference section */
		AC13D38714476F0E004BAB74 /* ActiveModel.app */ = {isa = PBXFileReference; explicitFileType = wrapper.application; includeInIndex = 0; path = ActiveModel.app; sourceTree = BUILT_PRODUCTS_DIR; };
		AC13D38B14476F0E004BAB74 /* UIKit.framework */ = {isa = PBXFileReference; lastKnownFileType = wrapper.framework; name = UIKit.framework; path = System/Library/Frameworks/UIKit.framework; sourceTree = SDKROOT; };
		AC13D38D14476F0E004BAB74 /* Foundation.framework */ = {isa = PBXFileReference; lastKnownFileType = wrapper.framework; name = Foundation.framework; path = System/Library/Frameworks/Foundation.framework; sourceTree = SDKROOT; };
		AC13D38F14476F0E004BAB74 /* CoreGraphics.framework */ = {isa = PBXFileReference; lastKnownFileType = wrapper.framework; name = CoreGraphics.framework; path = System/Library/Frameworks/CoreGraphics.framework; sourceTree = SDKROOT; };
		AC13D3AB14476F0E004BAB74 /* ActiveModelTests.octest */ = {isa = PBXFileReference; explicitFileType = wrapper.cfbundle; includeInIndex = 0; path = ActiveModelTests.octest; sourceTree = BUILT_PRODUCTS_DIR; };
		AC17480C1562EF5500A56648 /* CoreData.framework */ = {isa = PBXFileReference; lastKnownFileType = wrapper.framework; name = CoreData.framework; path = System/Library/Frameworks/CoreData.framework; sourceTree = SDKROOT; };
		AC23542D15502B62005AC17D /* README.md */ = {isa = PBXFileReference; fileEncoding = 4; lastKnownFileType = text; path = README.md; sourceTree = SOURCE_ROOT; };
		AC672F1F1448899D00BA34CA /* ActiveModel-Info.plist */ = {isa = PBXFileReference; lastKnownFileType = text.plist.xml; name = "ActiveModel-Info.plist"; path = "ActiveModel/ActiveModel-Info.plist"; sourceTree = SOURCE_ROOT; };
		AC672F20144889B500BA34CA /* ActiveModel-Prefix.pch */ = {isa = PBXFileReference; fileEncoding = 4; lastKnownFileType = sourcecode.c.h; name = "ActiveModel-Prefix.pch"; path = "ActiveModel/ActiveModel-Prefix.pch"; sourceTree = SOURCE_ROOT; };
		AC672F21144889D500BA34CA /* main.m */ = {isa = PBXFileReference; fileEncoding = 4; lastKnownFileType = sourcecode.c.objc; name = main.m; path = ActiveModel/main.m; sourceTree = SOURCE_ROOT; };
		AC672F25144889ED00BA34CA /* en */ = {isa = PBXFileReference; lastKnownFileType = text.plist.strings; name = en; path = ActiveModel/en.lproj/InfoPlist.strings; sourceTree = SOURCE_ROOT; };
		AC672F29144889FE00BA34CA /* ActiveModelAppDelegate.h */ = {isa = PBXFileReference; fileEncoding = 4; lastKnownFileType = sourcecode.c.h; name = ActiveModelAppDelegate.h; path = ActiveModel/ActiveModelAppDelegate.h; sourceTree = SOURCE_ROOT; };
		AC672F2A144889FE00BA34CA /* ActiveModelAppDelegate.m */ = {isa = PBXFileReference; fileEncoding = 4; lastKnownFileType = sourcecode.c.objc; name = ActiveModelAppDelegate.m; path = ActiveModel/ActiveModelAppDelegate.m; sourceTree = SOURCE_ROOT; };
		AC672F2D144889FE00BA34CA /* RootViewController.h */ = {isa = PBXFileReference; fileEncoding = 4; lastKnownFileType = sourcecode.c.h; name = RootViewController.h; path = ActiveModel/RootViewController.h; sourceTree = SOURCE_ROOT; };
		AC672F2E144889FE00BA34CA /* RootViewController.m */ = {isa = PBXFileReference; fileEncoding = 4; lastKnownFileType = sourcecode.c.objc; name = RootViewController.m; path = ActiveModel/RootViewController.m; sourceTree = SOURCE_ROOT; };
		AC672F3514488A2300BA34CA /* en */ = {isa = PBXFileReference; lastKnownFileType = file.xib; name = en; path = ActiveModel/en.lproj/MainWindow.xib; sourceTree = SOURCE_ROOT; };
		AC672F3714488A2300BA34CA /* en */ = {isa = PBXFileReference; lastKnownFileType = file.xib; name = en; path = ActiveModel/en.lproj/RootViewController.xib; sourceTree = SOURCE_ROOT; };
		AC672F3A14488A6300BA34CA /* ActiveModelTests-Info.plist */ = {isa = PBXFileReference; lastKnownFileType = text.plist.xml; name = "ActiveModelTests-Info.plist"; path = "ActiveModelTests/ActiveModelTests-Info.plist"; sourceTree = SOURCE_ROOT; };
		AC672F3B14488A6300BA34CA /* ActiveModelTests-Prefix.pch */ = {isa = PBXFileReference; lastKnownFileType = sourcecode.c.h; name = "ActiveModelTests-Prefix.pch"; path = "ActiveModelTests/ActiveModelTests-Prefix.pch"; sourceTree = SOURCE_ROOT; };
		AC672F3D14488A7400BA34CA /* en */ = {isa = PBXFileReference; lastKnownFileType = text.plist.strings; name = en; path = ActiveModelTests/en.lproj/InfoPlist.strings; sourceTree = SOURCE_ROOT; };
		AC7F9D6215814D570074F422 /* NSObject+Blank.h */ = {isa = PBXFileReference; fileEncoding = 4; lastKnownFileType = sourcecode.c.h; path = "NSObject+Blank.h"; sourceTree = "<group>"; };
		AC7F9D6315814D570074F422 /* NSObject+Blank.m */ = {isa = PBXFileReference; fileEncoding = 4; lastKnownFileType = sourcecode.c.objc; path = "NSObject+Blank.m"; sourceTree = "<group>"; };
		AC7F9D6415814D570074F422 /* OMActiveModel.h */ = {isa = PBXFileReference; fileEncoding = 4; lastKnownFileType = sourcecode.c.h; path = OMActiveModel.h; sourceTree = "<group>"; };
		AC7F9D6515814D570074F422 /* OMActiveModel.m */ = {isa = PBXFileReference; fileEncoding = 4; lastKnownFileType = sourcecode.c.objc; path = OMActiveModel.m; sourceTree = "<group>"; };
		AC7F9D6815814D570074F422 /* OMAcceptanceValidator.h */ = {isa = PBXFileReference; fileEncoding = 4; lastKnownFileType = sourcecode.c.h; path = OMAcceptanceValidator.h; sourceTree = "<group>"; };
		AC7F9D6915814D570074F422 /* OMAcceptanceValidator.m */ = {isa = PBXFileReference; fileEncoding = 4; lastKnownFileType = sourcecode.c.objc; path = OMAcceptanceValidator.m; sourceTree = "<group>"; };
		AC7F9D6A15814D570074F422 /* OMActiveModel+AcceptanceValidation.h */ = {isa = PBXFileReference; fileEncoding = 4; lastKnownFileType = sourcecode.c.h; path = "OMActiveModel+AcceptanceValidation.h"; sourceTree = "<group>"; };
		AC7F9D6B15814D570074F422 /* OMActiveModel+AcceptanceValidation.m */ = {isa = PBXFileReference; fileEncoding = 4; lastKnownFileType = sourcecode.c.objc; path = "OMActiveModel+AcceptanceValidation.m"; sourceTree = "<group>"; };
		AC7F9D6D15814D570074F422 /* OMActiveModel+ConfirmationValidation.h */ = {isa = PBXFileReference; fileEncoding = 4; lastKnownFileType = sourcecode.c.h; path = "OMActiveModel+ConfirmationValidation.h"; sourceTree = "<group>"; };
		AC7F9D6E15814D570074F422 /* OMActiveModel+ConfirmationValidation.m */ = {isa = PBXFileReference; fileEncoding = 4; lastKnownFileType = sourcecode.c.objc; path = "OMActiveModel+ConfirmationValidation.m"; sourceTree = "<group>"; };
		AC7F9D6F15814D570074F422 /* OMConfirmationValidator.h */ = {isa = PBXFileReference; fileEncoding = 4; lastKnownFileType = sourcecode.c.h; path = OMConfirmationValidator.h; sourceTree = "<group>"; };
		AC7F9D7015814D570074F422 /* OMConfirmationValidator.m */ = {isa = PBXFileReference; fileEncoding = 4; lastKnownFileType = sourcecode.c.objc; path = OMConfirmationValidator.m; sourceTree = "<group>"; };
		AC7F9D7215814D570074F422 /* OMActiveModel+FormatValidation.h */ = {isa = PBXFileReference; fileEncoding = 4; lastKnownFileType = sourcecode.c.h; path = "OMActiveModel+FormatValidation.h"; sourceTree = "<group>"; };
		AC7F9D7315814D570074F422 /* OMActiveModel+FormatValidation.m */ = {isa = PBXFileReference; fileEncoding = 4; lastKnownFileType = sourcecode.c.objc; path = "OMActiveModel+FormatValidation.m"; sourceTree = "<group>"; };
		AC7F9D7415814D570074F422 /* OMFormatValidator.h */ = {isa = PBXFileReference; fileEncoding = 4; lastKnownFileType = sourcecode.c.h; path = OMFormatValidator.h; sourceTree = "<group>"; };
		AC7F9D7515814D570074F422 /* OMFormatValidator.m */ = {isa = PBXFileReference; fileEncoding = 4; lastKnownFileType = sourcecode.c.objc; path = OMFormatValidator.m; sourceTree = "<group>"; };
		AC7F9D7715814D570074F422 /* OMActiveModel+LengthValidation.h */ = {isa = PBXFileReference; fileEncoding = 4; lastKnownFileType = sourcecode.c.h; path = "OMActiveModel+LengthValidation.h"; sourceTree = "<group>"; };
		AC7F9D7815814D570074F422 /* OMActiveModel+LengthValidation.m */ = {isa = PBXFileReference; fileEncoding = 4; lastKnownFileType = sourcecode.c.objc; path = "OMActiveModel+LengthValidation.m"; sourceTree = "<group>"; };
		AC7F9D7915814D570074F422 /* OMLengthValidator.h */ = {isa = PBXFileReference; fileEncoding = 4; lastKnownFileType = sourcecode.c.h; path = OMLengthValidator.h; sourceTree = "<group>"; };
		AC7F9D7A15814D570074F422 /* OMLengthValidator.m */ = {isa = PBXFileReference; fileEncoding = 4; lastKnownFileType = sourcecode.c.objc; path = OMLengthValidator.m; sourceTree = "<group>"; };
		AC7F9D7B15814D570074F422 /* NSError+ValidationErrors.h */ = {isa = PBXFileReference; fileEncoding = 4; lastKnownFileType = sourcecode.c.h; path = "NSError+ValidationErrors.h"; sourceTree = "<group>"; };
		AC7F9D7C15814D570074F422 /* NSError+ValidationErrors.m */ = {isa = PBXFileReference; fileEncoding = 4; lastKnownFileType = sourcecode.c.objc; path = "NSError+ValidationErrors.m"; sourceTree = "<group>"; };
		AC7F9D7E15814D570074F422 /* NSNumber+ComparisonMethods.h */ = {isa = PBXFileReference; fileEncoding = 4; lastKnownFileType = sourcecode.c.h; path = "NSNumber+ComparisonMethods.h"; sourceTree = "<group>"; };
		AC7F9D7F15814D570074F422 /* NSNumber+ComparisonMethods.m */ = {isa = PBXFileReference; fileEncoding = 4; lastKnownFileType = sourcecode.c.objc; path = "NSNumber+ComparisonMethods.m"; sourceTree = "<group>"; };
		AC7F9D8015814D570074F422 /* OMActiveModel+OMNumericalityValidator.h */ = {isa = PBXFileReference; fileEncoding = 4; lastKnownFileType = sourcecode.c.h; path = "OMActiveModel+OMNumericalityValidator.h"; sourceTree = "<group>"; };
		AC7F9D8115814D570074F422 /* OMActiveModel+OMNumericalityValidator.m */ = {isa = PBXFileReference; fileEncoding = 4; lastKnownFileType = sourcecode.c.objc; path = "OMActiveModel+OMNumericalityValidator.m"; sourceTree = "<group>"; };
		AC7F9D8215814D570074F422 /* OMNumericalityValidator.h */ = {isa = PBXFileReference; fileEncoding = 4; lastKnownFileType = sourcecode.c.h; path = OMNumericalityValidator.h; sourceTree = "<group>"; };
		AC7F9D8315814D570074F422 /* OMNumericalityValidator.m */ = {isa = PBXFileReference; fileEncoding = 4; lastKnownFileType = sourcecode.c.objc; path = OMNumericalityValidator.m; sourceTree = "<group>"; };
		AC7F9D8415814D570074F422 /* OMActiveModel+OMValidator.h */ = {isa = PBXFileReference; fileEncoding = 4; lastKnownFileType = sourcecode.c.h; path = "OMActiveModel+OMValidator.h"; sourceTree = "<group>"; };
		AC7F9D8515814D570074F422 /* OMActiveModel+OMValidator.m */ = {isa = PBXFileReference; fileEncoding = 4; lastKnownFileType = sourcecode.c.objc; path = "OMActiveModel+OMValidator.m"; sourceTree = "<group>"; };
		AC7F9D8615814D570074F422 /* OMValidator.h */ = {isa = PBXFileReference; fileEncoding = 4; lastKnownFileType = sourcecode.c.h; path = OMValidator.h; sourceTree = "<group>"; };
		AC7F9D8715814D570074F422 /* OMValidator.m */ = {isa = PBXFileReference; fileEncoding = 4; lastKnownFileType = sourcecode.c.objc; path = OMValidator.m; sourceTree = "<group>"; };
		AC7F9D8915814D570074F422 /* OMActiveModel+OMPresenceValidator.h */ = {isa = PBXFileReference; fileEncoding = 4; lastKnownFileType = sourcecode.c.h; path = "OMActiveModel+OMPresenceValidator.h"; sourceTree = "<group>"; };
		AC7F9D8A15814D570074F422 /* OMActiveModel+OMPresenceValidator.m */ = {isa = PBXFileReference; fileEncoding = 4; lastKnownFileType = sourcecode.c.objc; path = "OMActiveModel+OMPresenceValidator.m"; sourceTree = "<group>"; };
		AC7F9D8B15814D570074F422 /* OMPresenceValidator.h */ = {isa = PBXFileReference; fileEncoding = 4; lastKnownFileType = sourcecode.c.h; path = OMPresenceValidator.h; sourceTree = "<group>"; };
		AC7F9D8C15814D570074F422 /* OMPresenceValidator.m */ = {isa = PBXFileReference; fileEncoding = 4; lastKnownFileType = sourcecode.c.objc; path = OMPresenceValidator.m; sourceTree = "<group>"; };
		AC7F9D9F15814D740074F422 /* BlankTest.h */ = {isa = PBXFileReference; fileEncoding = 4; lastKnownFileType = sourcecode.c.h; path = BlankTest.h; sourceTree = "<group>"; };
		AC7F9DA015814D740074F422 /* BlankTest.m */ = {isa = PBXFileReference; fileEncoding = 4; lastKnownFileType = sourcecode.c.objc; path = BlankTest.m; sourceTree = "<group>"; };
		AC7F9DA215814D740074F422 /* Person.h */ = {isa = PBXFileReference; fileEncoding = 4; lastKnownFileType = sourcecode.c.h; path = Person.h; sourceTree = "<group>"; };
		AC7F9DA315814D740074F422 /* Person.m */ = {isa = PBXFileReference; fileEncoding = 4; lastKnownFileType = sourcecode.c.objc; path = Person.m; sourceTree = "<group>"; };
		AC7F9DA415814D740074F422 /* Topic.h */ = {isa = PBXFileReference; fileEncoding = 4; lastKnownFileType = sourcecode.c.h; path = Topic.h; sourceTree = "<group>"; };
		AC7F9DA515814D740074F422 /* Topic.m */ = {isa = PBXFileReference; fileEncoding = 4; lastKnownFileType = sourcecode.c.objc; path = Topic.m; sourceTree = "<group>"; };
		AC7F9DA715814D740074F422 /* OMAcceptanceValidatorTest.h */ = {isa = PBXFileReference; fileEncoding = 4; lastKnownFileType = sourcecode.c.h; path = OMAcceptanceValidatorTest.h; sourceTree = "<group>"; };
		AC7F9DA815814D740074F422 /* OMAcceptanceValidatorTest.m */ = {isa = PBXFileReference; fileEncoding = 4; lastKnownFileType = sourcecode.c.objc; path = OMAcceptanceValidatorTest.m; sourceTree = "<group>"; };
		AC7F9DA915814D740074F422 /* OMConfirmationValidatorTest.h */ = {isa = PBXFileReference; fileEncoding = 4; lastKnownFileType = sourcecode.c.h; path = OMConfirmationValidatorTest.h; sourceTree = "<group>"; };
		AC7F9DAA15814D740074F422 /* OMConfirmationValidatorTest.m */ = {isa = PBXFileReference; fileEncoding = 4; lastKnownFileType = sourcecode.c.objc; path = OMConfirmationValidatorTest.m; sourceTree = "<group>"; };
		AC7F9DAB15814D740074F422 /* OMFormatValidatorTest.h */ = {isa = PBXFileReference; fileEncoding = 4; lastKnownFileType = sourcecode.c.h; path = OMFormatValidatorTest.h; sourceTree = "<group>"; };
		AC7F9DAC15814D740074F422 /* OMFormatValidatorTest.m */ = {isa = PBXFileReference; fileEncoding = 4; lastKnownFileType = sourcecode.c.objc; path = OMFormatValidatorTest.m; sourceTree = "<group>"; };
		AC7F9DAD15814D740074F422 /* OMLengthValidatorTest.h */ = {isa = PBXFileReference; fileEncoding = 4; lastKnownFileType = sourcecode.c.h; path = OMLengthValidatorTest.h; sourceTree = "<group>"; };
		AC7F9DAE15814D740074F422 /* OMLengthValidatorTest.m */ = {isa = PBXFileReference; fileEncoding = 4; lastKnownFileType = sourcecode.c.objc; path = OMLengthValidatorTest.m; sourceTree = "<group>"; };
		AC7F9DAF15814D740074F422 /* OMNumericalityValidatorTest.h */ = {isa = PBXFileReference; fileEncoding = 4; lastKnownFileType = sourcecode.c.h; path = OMNumericalityValidatorTest.h; sourceTree = "<group>"; };
		AC7F9DB015814D740074F422 /* OMNumericalityValidatorTest.m */ = {isa = PBXFileReference; fileEncoding = 4; lastKnownFileType = sourcecode.c.objc; path = OMNumericalityValidatorTest.m; sourceTree = "<group>"; };
		AC7F9DB115814D740074F422 /* OMPresenceValidatorTest.h */ = {isa = PBXFileReference; fileEncoding = 4; lastKnownFileType = sourcecode.c.h; path = OMPresenceValidatorTest.h; sourceTree = "<group>"; };
		AC7F9DB215814D740074F422 /* OMPresenceValidatorTest.m */ = {isa = PBXFileReference; fileEncoding = 4; lastKnownFileType = sourcecode.c.objc; path = OMPresenceValidatorTest.m; sourceTree = "<group>"; };
		AC7F9DB315814D740074F422 /* OMValidatorTest.h */ = {isa = PBXFileReference; fileEncoding = 4; lastKnownFileType = sourcecode.c.h; path = OMValidatorTest.h; sourceTree = "<group>"; };
		AC7F9DB415814D740074F422 /* OMValidatorTest.m */ = {isa = PBXFileReference; fileEncoding = 4; lastKnownFileType = sourcecode.c.objc; path = OMValidatorTest.m; sourceTree = "<group>"; };
		AC7F9DB515814D740074F422 /* OMValidatorTestCase.h */ = {isa = PBXFileReference; fileEncoding = 4; lastKnownFileType = sourcecode.c.h; path = OMValidatorTestCase.h; sourceTree = "<group>"; };
		AC7F9DB615814D740074F422 /* OMValidatorTestCase.m */ = {isa = PBXFileReference; fileEncoding = 4; lastKnownFileType = sourcecode.c.objc; path = OMValidatorTestCase.m; sourceTree = "<group>"; };
/* End PBXFileReference section */

/* Begin PBXFrameworksBuildPhase section */
		AC13D38414476F0E004BAB74 /* Frameworks */ = {
			isa = PBXFrameworksBuildPhase;
			buildActionMask = 2147483647;
			files = (
				AC13D38C14476F0E004BAB74 /* UIKit.framework in Frameworks */,
				AC13D38E14476F0E004BAB74 /* Foundation.framework in Frameworks */,
				AC17480D1562EF5500A56648 /* CoreData.framework in Frameworks */,
				AC13D39014476F0E004BAB74 /* CoreGraphics.framework in Frameworks */,
			);
			runOnlyForDeploymentPostprocessing = 0;
		};
		AC13D3A714476F0E004BAB74 /* Frameworks */ = {
			isa = PBXFrameworksBuildPhase;
			buildActionMask = 2147483647;
			files = (
				AC13D3AC14476F0E004BAB74 /* UIKit.framework in Frameworks */,
				AC13D3AD14476F0E004BAB74 /* Foundation.framework in Frameworks */,
				AC13D3AE14476F0E004BAB74 /* CoreGraphics.framework in Frameworks */,
				ACAA50B215631E1000111FBD /* CoreData.framework in Frameworks */,
			);
			runOnlyForDeploymentPostprocessing = 0;
		};
/* End PBXFrameworksBuildPhase section */

/* Begin PBXGroup section */
		AC13D37C14476F0E004BAB74 = {
			isa = PBXGroup;
			children = (
				AC13D39114476F0E004BAB74 /* ActiveModel */,
				AC13D3B114476F0E004BAB74 /* ActiveModelTests */,
				AC13D38A14476F0E004BAB74 /* Frameworks */,
				AC13D38814476F0E004BAB74 /* Products */,
			);
			sourceTree = "<group>";
		};
		AC13D38814476F0E004BAB74 /* Products */ = {
			isa = PBXGroup;
			children = (
				AC13D38714476F0E004BAB74 /* ActiveModel.app */,
				AC13D3AB14476F0E004BAB74 /* ActiveModelTests.octest */,
			);
			name = Products;
			sourceTree = "<group>";
		};
		AC13D38A14476F0E004BAB74 /* Frameworks */ = {
			isa = PBXGroup;
			children = (
				AC13D38B14476F0E004BAB74 /* UIKit.framework */,
				AC13D38D14476F0E004BAB74 /* Foundation.framework */,
				AC17480C1562EF5500A56648 /* CoreData.framework */,
				AC13D38F14476F0E004BAB74 /* CoreGraphics.framework */,
			);
			name = Frameworks;
			sourceTree = "<group>";
		};
		AC13D39114476F0E004BAB74 /* ActiveModel */ = {
			isa = PBXGroup;
			children = (
				AC7F9D6215814D570074F422 /* NSObject+Blank.h */,
				AC7F9D6315814D570074F422 /* NSObject+Blank.m */,
				AC7F9D6415814D570074F422 /* OMActiveModel.h */,
				AC7F9D6515814D570074F422 /* OMActiveModel.m */,
				AC7F9D6615814D570074F422 /* Validations */,
				AC13D39214476F0E004BAB74 /* Supporting Files */,
				AC7F9D531581495A0074F422 /* Trash Me */,
			);
			path = ActiveModel;
			sourceTree = "<group>";
		};
		AC13D39214476F0E004BAB74 /* Supporting Files */ = {
			isa = PBXGroup;
			children = (
				AC23542D15502B62005AC17D /* README.md */,
				AC672F24144889EC00BA34CA /* InfoPlist.strings */,
				AC672F21144889D500BA34CA /* main.m */,
				AC672F20144889B500BA34CA /* ActiveModel-Prefix.pch */,
				AC672F1F1448899D00BA34CA /* ActiveModel-Info.plist */,
			);
			name = "Supporting Files";
			sourceTree = "<group>";
		};
		AC13D3B114476F0E004BAB74 /* ActiveModelTests */ = {
			isa = PBXGroup;
			children = (
				AC7F9D9F15814D740074F422 /* BlankTest.h */,
				AC7F9DA015814D740074F422 /* BlankTest.m */,
				AC7F9DA115814D740074F422 /* Fixtures */,
				AC7F9DA615814D740074F422 /* Validations */,
				AC13D3B214476F0E004BAB74 /* Supporting Files */,
			);
			path = ActiveModelTests;
			sourceTree = "<group>";
		};
		AC13D3B214476F0E004BAB74 /* Supporting Files */ = {
			isa = PBXGroup;
			children = (
				AC672F3C14488A7400BA34CA /* InfoPlist.strings */,
				AC672F3A14488A6300BA34CA /* ActiveModelTests-Info.plist */,
				AC672F3B14488A6300BA34CA /* ActiveModelTests-Prefix.pch */,
			);
			name = "Supporting Files";
			sourceTree = "<group>";
		};
		AC7F9D531581495A0074F422 /* Trash Me */ = {
			isa = PBXGroup;
			children = (
				AC672F29144889FE00BA34CA /* ActiveModelAppDelegate.h */,
				AC672F2A144889FE00BA34CA /* ActiveModelAppDelegate.m */,
				AC672F2D144889FE00BA34CA /* RootViewController.h */,
				AC672F2E144889FE00BA34CA /* RootViewController.m */,
				AC672F3414488A2300BA34CA /* MainWindow.xib */,
				AC672F3614488A2300BA34CA /* RootViewController.xib */,
			);
			name = "Trash Me";
			sourceTree = "<group>";
		};
		AC7F9D6615814D570074F422 /* Validations */ = {
			isa = PBXGroup;
			children = (
				AC7F9D6715814D570074F422 /* AcceptanceValidator */,
				AC7F9D6C15814D570074F422 /* ConfirmationValidator */,
				AC7F9D7115814D570074F422 /* FormatValidator */,
				AC7F9D7615814D570074F422 /* LengthValidator */,
				AC7F9D7B15814D570074F422 /* NSError+ValidationErrors.h */,
				AC7F9D7C15814D570074F422 /* NSError+ValidationErrors.m */,
				AC7F9D7D15814D570074F422 /* NumericalityValidator */,
				AC7F9D8415814D570074F422 /* OMActiveModel+OMValidator.h */,
				AC7F9D8515814D570074F422 /* OMActiveModel+OMValidator.m */,
				AC7F9D8615814D570074F422 /* OMValidator.h */,
				AC7F9D8715814D570074F422 /* OMValidator.m */,
				AC7F9D8815814D570074F422 /* PresenceValidator */,
			);
			path = Validations;
			sourceTree = "<group>";
		};
		AC7F9D6715814D570074F422 /* AcceptanceValidator */ = {
			isa = PBXGroup;
			children = (
				AC7F9D6815814D570074F422 /* OMAcceptanceValidator.h */,
				AC7F9D6915814D570074F422 /* OMAcceptanceValidator.m */,
				AC7F9D6A15814D570074F422 /* OMActiveModel+AcceptanceValidation.h */,
				AC7F9D6B15814D570074F422 /* OMActiveModel+AcceptanceValidation.m */,
			);
			path = AcceptanceValidator;
			sourceTree = "<group>";
		};
		AC7F9D6C15814D570074F422 /* ConfirmationValidator */ = {
			isa = PBXGroup;
			children = (
				AC7F9D6D15814D570074F422 /* OMActiveModel+ConfirmationValidation.h */,
				AC7F9D6E15814D570074F422 /* OMActiveModel+ConfirmationValidation.m */,
				AC7F9D6F15814D570074F422 /* OMConfirmationValidator.h */,
				AC7F9D7015814D570074F422 /* OMConfirmationValidator.m */,
			);
			path = ConfirmationValidator;
			sourceTree = "<group>";
		};
		AC7F9D7115814D570074F422 /* FormatValidator */ = {
			isa = PBXGroup;
			children = (
				AC7F9D7215814D570074F422 /* OMActiveModel+FormatValidation.h */,
				AC7F9D7315814D570074F422 /* OMActiveModel+FormatValidation.m */,
				AC7F9D7415814D570074F422 /* OMFormatValidator.h */,
				AC7F9D7515814D570074F422 /* OMFormatValidator.m */,
			);
			path = FormatValidator;
			sourceTree = "<group>";
		};
		AC7F9D7615814D570074F422 /* LengthValidator */ = {
			isa = PBXGroup;
			children = (
				AC7F9D7715814D570074F422 /* OMActiveModel+LengthValidation.h */,
				AC7F9D7815814D570074F422 /* OMActiveModel+LengthValidation.m */,
				AC7F9D7915814D570074F422 /* OMLengthValidator.h */,
				AC7F9D7A15814D570074F422 /* OMLengthValidator.m */,
			);
			path = LengthValidator;
			sourceTree = "<group>";
		};
		AC7F9D7D15814D570074F422 /* NumericalityValidator */ = {
			isa = PBXGroup;
			children = (
				AC7F9D7E15814D570074F422 /* NSNumber+ComparisonMethods.h */,
				AC7F9D7F15814D570074F422 /* NSNumber+ComparisonMethods.m */,
				AC7F9D8015814D570074F422 /* OMActiveModel+OMNumericalityValidator.h */,
				AC7F9D8115814D570074F422 /* OMActiveModel+OMNumericalityValidator.m */,
				AC7F9D8215814D570074F422 /* OMNumericalityValidator.h */,
				AC7F9D8315814D570074F422 /* OMNumericalityValidator.m */,
			);
			path = NumericalityValidator;
			sourceTree = "<group>";
		};
		AC7F9D8815814D570074F422 /* PresenceValidator */ = {
			isa = PBXGroup;
			children = (
				AC7F9D8915814D570074F422 /* OMActiveModel+OMPresenceValidator.h */,
				AC7F9D8A15814D570074F422 /* OMActiveModel+OMPresenceValidator.m */,
				AC7F9D8B15814D570074F422 /* OMPresenceValidator.h */,
				AC7F9D8C15814D570074F422 /* OMPresenceValidator.m */,
			);
			path = PresenceValidator;
			sourceTree = "<group>";
		};
		AC7F9DA115814D740074F422 /* Fixtures */ = {
			isa = PBXGroup;
			children = (
				AC7F9DA215814D740074F422 /* Person.h */,
				AC7F9DA315814D740074F422 /* Person.m */,
				AC7F9DA415814D740074F422 /* Topic.h */,
				AC7F9DA515814D740074F422 /* Topic.m */,
			);
			path = Fixtures;
			sourceTree = "<group>";
		};
		AC7F9DA615814D740074F422 /* Validations */ = {
			isa = PBXGroup;
			children = (
				AC7F9DA715814D740074F422 /* OMAcceptanceValidatorTest.h */,
				AC7F9DA815814D740074F422 /* OMAcceptanceValidatorTest.m */,
				AC7F9DA915814D740074F422 /* OMConfirmationValidatorTest.h */,
				AC7F9DAA15814D740074F422 /* OMConfirmationValidatorTest.m */,
				AC7F9DAB15814D740074F422 /* OMFormatValidatorTest.h */,
				AC7F9DAC15814D740074F422 /* OMFormatValidatorTest.m */,
				AC7F9DAD15814D740074F422 /* OMLengthValidatorTest.h */,
				AC7F9DAE15814D740074F422 /* OMLengthValidatorTest.m */,
				AC7F9DAF15814D740074F422 /* OMNumericalityValidatorTest.h */,
				AC7F9DB015814D740074F422 /* OMNumericalityValidatorTest.m */,
				AC7F9DB115814D740074F422 /* OMPresenceValidatorTest.h */,
				AC7F9DB215814D740074F422 /* OMPresenceValidatorTest.m */,
				AC7F9DB315814D740074F422 /* OMValidatorTest.h */,
				AC7F9DB415814D740074F422 /* OMValidatorTest.m */,
				AC7F9DB515814D740074F422 /* OMValidatorTestCase.h */,
				AC7F9DB615814D740074F422 /* OMValidatorTestCase.m */,
			);
			path = Validations;
			sourceTree = "<group>";
		};
/* End PBXGroup section */

/* Begin PBXNativeTarget section */
		AC13D38614476F0E004BAB74 /* ActiveModel */ = {
			isa = PBXNativeTarget;
			buildConfigurationList = AC13D3BE14476F0E004BAB74 /* Build configuration list for PBXNativeTarget "ActiveModel" */;
			buildPhases = (
				AC13D38314476F0E004BAB74 /* Sources */,
				AC13D38414476F0E004BAB74 /* Frameworks */,
				AC13D38514476F0E004BAB74 /* Resources */,
			);
			buildRules = (
			);
			dependencies = (
			);
			name = ActiveModel;
			productName = ActiveResource;
			productReference = AC13D38714476F0E004BAB74 /* ActiveModel.app */;
			productType = "com.apple.product-type.application";
		};
		AC13D3AA14476F0E004BAB74 /* ActiveModelTests */ = {
			isa = PBXNativeTarget;
			buildConfigurationList = AC13D3C114476F0E004BAB74 /* Build configuration list for PBXNativeTarget "ActiveModelTests" */;
			buildPhases = (
				AC13D3A614476F0E004BAB74 /* Sources */,
				AC13D3A714476F0E004BAB74 /* Frameworks */,
				AC13D3A814476F0E004BAB74 /* Resources */,
				AC13D3A914476F0E004BAB74 /* ShellScript */,
			);
			buildRules = (
			);
			dependencies = (
				AC13D3B014476F0E004BAB74 /* PBXTargetDependency */,
			);
			name = ActiveModelTests;
			productName = ActiveResourceTests;
			productReference = AC13D3AB14476F0E004BAB74 /* ActiveModelTests.octest */;
			productType = "com.apple.product-type.bundle";
		};
/* End PBXNativeTarget section */

/* Begin PBXProject section */
		AC13D37E14476F0E004BAB74 /* Project object */ = {
			isa = PBXProject;
			attributes = {
				LastUpgradeCheck = 0430;
				ORGANIZATIONNAME = "Michael R. Fleet";
			};
			buildConfigurationList = AC13D38114476F0E004BAB74 /* Build configuration list for PBXProject "ActiveModel" */;
			compatibilityVersion = "Xcode 3.2";
			developmentRegion = English;
			hasScannedForEncodings = 0;
			knownRegions = (
				en,
			);
			mainGroup = AC13D37C14476F0E004BAB74;
			productRefGroup = AC13D38814476F0E004BAB74 /* Products */;
			projectDirPath = "";
			projectRoot = "";
			targets = (
				AC13D38614476F0E004BAB74 /* ActiveModel */,
				AC13D3AA14476F0E004BAB74 /* ActiveModelTests */,
			);
		};
/* End PBXProject section */

/* Begin PBXResourcesBuildPhase section */
		AC13D38514476F0E004BAB74 /* Resources */ = {
			isa = PBXResourcesBuildPhase;
			buildActionMask = 2147483647;
			files = (
				AC672F26144889ED00BA34CA /* InfoPlist.strings in Resources */,
				AC672F3814488A2300BA34CA /* MainWindow.xib in Resources */,
				AC672F3914488A2300BA34CA /* RootViewController.xib in Resources */,
				AC23542E15502B62005AC17D /* README.md in Resources */,
			);
			runOnlyForDeploymentPostprocessing = 0;
		};
		AC13D3A814476F0E004BAB74 /* Resources */ = {
			isa = PBXResourcesBuildPhase;
			buildActionMask = 2147483647;
			files = (
				AC672F3E14488A7400BA34CA /* InfoPlist.strings in Resources */,
			);
			runOnlyForDeploymentPostprocessing = 0;
		};
/* End PBXResourcesBuildPhase section */

/* Begin PBXShellScriptBuildPhase section */
		AC13D3A914476F0E004BAB74 /* ShellScript */ = {
			isa = PBXShellScriptBuildPhase;
			buildActionMask = 2147483647;
			files = (
			);
			inputPaths = (
			);
			outputPaths = (
			);
			runOnlyForDeploymentPostprocessing = 0;
			shellPath = /bin/sh;
			shellScript = "# Run the unit tests in this test bundle.\n\"${SYSTEM_DEVELOPER_DIR}/Tools/RunUnitTests\"\n";
		};
/* End PBXShellScriptBuildPhase section */

/* Begin PBXSourcesBuildPhase section */
		AC13D38314476F0E004BAB74 /* Sources */ = {
			isa = PBXSourcesBuildPhase;
			buildActionMask = 2147483647;
			files = (
				AC672F23144889DE00BA34CA /* main.m in Sources */,
				AC672F30144889FF00BA34CA /* ActiveModelAppDelegate.m in Sources */,
				AC672F32144889FF00BA34CA /* RootViewController.m in Sources */,
				AC7F9D8D15814D570074F422 /* NSObject+Blank.m in Sources */,
				AC7F9D8E15814D570074F422 /* OMActiveModel.m in Sources */,
				AC7F9D8F15814D570074F422 /* OMAcceptanceValidator.m in Sources */,
				AC7F9D9015814D570074F422 /* OMActiveModel+AcceptanceValidation.m in Sources */,
				AC7F9D9115814D570074F422 /* OMActiveModel+ConfirmationValidation.m in Sources */,
				AC7F9D9215814D570074F422 /* OMConfirmationValidator.m in Sources */,
				AC7F9D9315814D570074F422 /* OMActiveModel+FormatValidation.m in Sources */,
				AC7F9D9415814D570074F422 /* OMFormatValidator.m in Sources */,
				AC7F9D9515814D570074F422 /* OMActiveModel+LengthValidation.m in Sources */,
				AC7F9D9615814D570074F422 /* OMLengthValidator.m in Sources */,
				AC7F9D9715814D570074F422 /* NSError+ValidationErrors.m in Sources */,
				AC7F9D9815814D570074F422 /* NSNumber+ComparisonMethods.m in Sources */,
				AC7F9D9915814D570074F422 /* OMActiveModel+OMNumericalityValidator.m in Sources */,
				AC7F9D9A15814D570074F422 /* OMNumericalityValidator.m in Sources */,
				AC7F9D9B15814D570074F422 /* OMActiveModel+OMValidator.m in Sources */,
				AC7F9D9C15814D570074F422 /* OMValidator.m in Sources */,
				AC7F9D9D15814D570074F422 /* OMActiveModel+OMPresenceValidator.m in Sources */,
				AC7F9D9E15814D570074F422 /* OMPresenceValidator.m in Sources */,
			);
			runOnlyForDeploymentPostprocessing = 0;
		};
		AC13D3A614476F0E004BAB74 /* Sources */ = {
			isa = PBXSourcesBuildPhase;
			buildActionMask = 2147483647;
			files = (
				AC7F9DB715814D740074F422 /* BlankTest.m in Sources */,
				AC7F9DB815814D740074F422 /* Person.m in Sources */,
				AC7F9DB915814D740074F422 /* Topic.m in Sources */,
				AC7F9DBA15814D740074F422 /* OMAcceptanceValidatorTest.m in Sources */,
				AC7F9DBB15814D740074F422 /* OMConfirmationValidatorTest.m in Sources */,
				AC7F9DBC15814D740074F422 /* OMFormatValidatorTest.m in Sources */,
				AC7F9DBD15814D740074F422 /* OMLengthValidatorTest.m in Sources */,
				AC7F9DBE15814D740074F422 /* OMNumericalityValidatorTest.m in Sources */,
				AC7F9DBF15814D740074F422 /* OMPresenceValidatorTest.m in Sources */,
				AC7F9DC015814D740074F422 /* OMValidatorTest.m in Sources */,
				AC7F9DC115814D740074F422 /* OMValidatorTestCase.m in Sources */,
			);
			runOnlyForDeploymentPostprocessing = 0;
		};
/* End PBXSourcesBuildPhase section */

/* Begin PBXTargetDependency section */
		AC13D3B014476F0E004BAB74 /* PBXTargetDependency */ = {
			isa = PBXTargetDependency;
			target = AC13D38614476F0E004BAB74 /* ActiveModel */;
			targetProxy = AC13D3AF14476F0E004BAB74 /* PBXContainerItemProxy */;
		};
/* End PBXTargetDependency section */

/* Begin PBXVariantGroup section */
		AC672F24144889EC00BA34CA /* InfoPlist.strings */ = {
			isa = PBXVariantGroup;
			children = (
				AC672F25144889ED00BA34CA /* en */,
			);
			name = InfoPlist.strings;
			sourceTree = "<group>";
		};
		AC672F3414488A2300BA34CA /* MainWindow.xib */ = {
			isa = PBXVariantGroup;
			children = (
				AC672F3514488A2300BA34CA /* en */,
			);
			name = MainWindow.xib;
			sourceTree = "<group>";
		};
		AC672F3614488A2300BA34CA /* RootViewController.xib */ = {
			isa = PBXVariantGroup;
			children = (
				AC672F3714488A2300BA34CA /* en */,
			);
			name = RootViewController.xib;
			sourceTree = "<group>";
		};
		AC672F3C14488A7400BA34CA /* InfoPlist.strings */ = {
			isa = PBXVariantGroup;
			children = (
				AC672F3D14488A7400BA34CA /* en */,
			);
			name = InfoPlist.strings;
			sourceTree = "<group>";
		};
/* End PBXVariantGroup section */

/* Begin XCBuildConfiguration section */
		AC13D3BC14476F0E004BAB74 /* Debug */ = {
			isa = XCBuildConfiguration;
			buildSettings = {
				ARCHS = "$(ARCHS_STANDARD_32_BIT)";
				"CODE_SIGN_IDENTITY[sdk=iphoneos*]" = "iPhone Developer";
				GCC_C_LANGUAGE_STANDARD = gnu99;
				GCC_OPTIMIZATION_LEVEL = 0;
				GCC_PREPROCESSOR_DEFINITIONS = DEBUG;
				GCC_SYMBOLS_PRIVATE_EXTERN = NO;
				GCC_VERSION = com.apple.compilers.llvmgcc42;
				GCC_WARN_ABOUT_RETURN_TYPE = YES;
				GCC_WARN_UNUSED_VARIABLE = YES;
				IPHONEOS_DEPLOYMENT_TARGET = 4.3;
				SDKROOT = iphoneos;
			};
			name = Debug;
		};
		AC13D3BD14476F0E004BAB74 /* Release */ = {
			isa = XCBuildConfiguration;
			buildSettings = {
				ARCHS = "$(ARCHS_STANDARD_32_BIT)";
				"CODE_SIGN_IDENTITY[sdk=iphoneos*]" = "iPhone Developer";
				GCC_C_LANGUAGE_STANDARD = gnu99;
				GCC_VERSION = com.apple.compilers.llvmgcc42;
				GCC_WARN_ABOUT_RETURN_TYPE = YES;
				GCC_WARN_UNUSED_VARIABLE = YES;
				IPHONEOS_DEPLOYMENT_TARGET = 4.3;
				OTHER_CFLAGS = "-DNS_BLOCK_ASSERTIONS=1";
				SDKROOT = iphoneos;
			};
			name = Release;
		};
		AC13D3BF14476F0E004BAB74 /* Debug */ = {
			isa = XCBuildConfiguration;
			buildSettings = {
				ALWAYS_SEARCH_USER_PATHS = NO;
				COPY_PHASE_STRIP = NO;
				GCC_DYNAMIC_NO_PIC = NO;
				GCC_PRECOMPILE_PREFIX_HEADER = YES;
				GCC_PREFIX_HEADER = "ActiveModel/ActiveModel-Prefix.pch";
				GCC_VERSION = com.apple.compilers.llvm.clang.1_0;
				INFOPLIST_FILE = "ActiveModel/ActiveModel-Info.plist";
				PRODUCT_NAME = ActiveModel;
				WRAPPER_EXTENSION = app;
			};
			name = Debug;
		};
		AC13D3C014476F0E004BAB74 /* Release */ = {
			isa = XCBuildConfiguration;
			buildSettings = {
				ALWAYS_SEARCH_USER_PATHS = NO;
				COPY_PHASE_STRIP = YES;
				GCC_PRECOMPILE_PREFIX_HEADER = YES;
				GCC_PREFIX_HEADER = "ActiveModel/ActiveModel-Prefix.pch";
				GCC_VERSION = com.apple.compilers.llvm.clang.1_0;
				INFOPLIST_FILE = "ActiveModel/ActiveModel-Info.plist";
				PRODUCT_NAME = ActiveModel;
				VALIDATE_PRODUCT = YES;
				WRAPPER_EXTENSION = app;
			};
			name = Release;
		};
		AC13D3C214476F0E004BAB74 /* Debug */ = {
			isa = XCBuildConfiguration;
			buildSettings = {
				ALWAYS_SEARCH_USER_PATHS = NO;
				BUNDLE_LOADER = "$(BUILT_PRODUCTS_DIR)/ActiveModel.app/ActiveModel";
				FRAMEWORK_SEARCH_PATHS = (
					"$(SDKROOT)/Developer/Library/Frameworks",
					"$(DEVELOPER_LIBRARY_DIR)/Frameworks",
				);
				GCC_PRECOMPILE_PREFIX_HEADER = YES;
				GCC_PREFIX_HEADER = "ActiveModelTests/ActiveModelTests-Prefix.pch";
				GCC_VERSION = com.apple.compilers.llvm.clang.1_0;
				INFOPLIST_FILE = "ActiveModelTests/ActiveModelTests-Info.plist";
				OTHER_LDFLAGS = (
					"-framework",
					SenTestingKit,
				);
				PRODUCT_NAME = ActiveModelTests;
				TEST_HOST = "$(BUNDLE_LOADER)";
				WRAPPER_EXTENSION = octest;
			};
			name = Debug;
		};
		AC13D3C314476F0E004BAB74 /* Release */ = {
			isa = XCBuildConfiguration;
			buildSettings = {
				ALWAYS_SEARCH_USER_PATHS = NO;
				BUNDLE_LOADER = "$(BUILT_PRODUCTS_DIR)/ActiveModel.app/ActiveModel";
				FRAMEWORK_SEARCH_PATHS = (
					"$(SDKROOT)/Developer/Library/Frameworks",
					"$(DEVELOPER_LIBRARY_DIR)/Frameworks",
				);
				GCC_PRECOMPILE_PREFIX_HEADER = YES;
				GCC_PREFIX_HEADER = "ActiveModelTests/ActiveModelTests-Prefix.pch";
				GCC_VERSION = com.apple.compilers.llvm.clang.1_0;
				INFOPLIST_FILE = "ActiveModelTests/ActiveModelTests-Info.plist";
				OTHER_LDFLAGS = (
					"-framework",
					SenTestingKit,
				);
				PRODUCT_NAME = ActiveModelTests;
				TEST_HOST = "$(BUNDLE_LOADER)";
				WRAPPER_EXTENSION = octest;
			};
			name = Release;
		};
/* End XCBuildConfiguration section */

/* Begin XCConfigurationList section */
		AC13D38114476F0E004BAB74 /* Build configuration list for PBXProject "ActiveModel" */ = {
			isa = XCConfigurationList;
			buildConfigurations = (
				AC13D3BC14476F0E004BAB74 /* Debug */,
				AC13D3BD14476F0E004BAB74 /* Release */,
			);
			defaultConfigurationIsVisible = 0;
			defaultConfigurationName = Release;
		};
		AC13D3BE14476F0E004BAB74 /* Build configuration list for PBXNativeTarget "ActiveModel" */ = {
			isa = XCConfigurationList;
			buildConfigurations = (
				AC13D3BF14476F0E004BAB74 /* Debug */,
				AC13D3C014476F0E004BAB74 /* Release */,
			);
			defaultConfigurationIsVisible = 0;
			defaultConfigurationName = Release;
		};
		AC13D3C114476F0E004BAB74 /* Build configuration list for PBXNativeTarget "ActiveModelTests" */ = {
			isa = XCConfigurationList;
			buildConfigurations = (
				AC13D3C214476F0E004BAB74 /* Debug */,
				AC13D3C314476F0E004BAB74 /* Release */,
			);
			defaultConfigurationIsVisible = 0;
			defaultConfigurationName = Release;
		};
/* End XCConfigurationList section */
	};
	rootObject = AC13D37E14476F0E004BAB74 /* Project object */;
}
